
Microsoft Visual Studio Solution File, Format Version 12.00
# Visual Studio Version 16
VisualStudioVersion = 16.0.31205.134
MinimumVisualStudioVersion = 10.0.40219.1
Project("{FAE04EC0-301F-11D3-BF4B-00C04F79EFBC}") = "HelloWeather", "HelloWeather\HelloWeather.csproj", "{C17A62A0-5100-4EB4-A79A-B513D273F88F}"
EndProject
Global
	GlobalSection(SolutionConfigurationPlatforms) = preSolution
		Debug|Any CPU = Debug|Any CPU
		Release|Any CPU = Release|Any CPU
	EndGlobalSection
	GlobalSection(ProjectConfigurationPlatforms) = postSolution
		{C17A62A0-5100-4EB4-A79A-B513D273F88F}.Debug|Any CPU.ActiveCfg = Debug|Any CPU
		{C17A62A0-5100-4EB4-A79A-B513D273F88F}.Debug|Any CPU.Build.0 = Debug|Any CPU
		{C17A62A0-5100-4EB4-A79A-B513D273F88F}.Release|Any CPU.ActiveCfg = Release|Any CPU
		{C17A62A0-5100-4EB4-A79A-B513D273F88F}.Release|Any CPU.Build.0 = Release|Any CPU
	EndGlobalSection
	GlobalSection(SolutionProperties) = preSolution
		HideSolutionNode = FALSE
	EndGlobalSection
	GlobalSection(ExtensibilityGlobals) = postSolution
		SolutionGuid = {DDC83373-364A-40DB-ADB2-2290C9C8B117}
	EndGlobalSection
EndGlobal
